
Microsoft Visual Studio Solution File, Format Version 12.00
# Visual Studio Version 17
VisualStudioVersion = 17.8.34330.188
MinimumVisualStudioVersion = 10.0.40219.1
Project("{9A19103F-16F7-4668-BE54-9A1E7A4F7556}") = "SF.Blog.Core", "SF.Blog.Core\SF.Blog.Core.csproj", "{A55421EB-7792-47B5-8E20-BE46A95033C4}"
EndProject
Project("{2150E333-8FDC-42A3-9474-1A3956D46DE8}") = "Solution Items", "Solution Items", "{D3DD77C1-984E-4C4C-A030-E484D3BA99F1}"
	ProjectSection(SolutionItems) = preProject
		.editorconfig = .editorconfig
	EndProjectSection
EndProject
Project("{9A19103F-16F7-4668-BE54-9A1E7A4F7556}") = "SF.Blog.UnitTests", "SF.Blog.UnitTests\SF.Blog.UnitTests.csproj", "{A209217D-21C6-4DE1-818B-8047EFE919A5}"
EndProject
Project("{9A19103F-16F7-4668-BE54-9A1E7A4F7556}") = "SF.Blog.UseCases", "SF.Blog.UseCases\SF.Blog.UseCases.csproj", "{834C76C6-9BE3-4C1C-9127-80CF00D17552}"
EndProject
Project("{2150E333-8FDC-42A3-9474-1A3956D46DE8}") = "Tests", "Tests", "{EB886A9D-3DF2-4637-9E44-C5F38935CB5A}"
EndProject
Project("{9A19103F-16F7-4668-BE54-9A1E7A4F7556}") = "SF.Blog.Infrastructure", "SF.Blog.Infrastructure\SF.Blog.Infrastructure.csproj", "{F73F68AD-538A-4647-94FE-4BABFC195697}"
EndProject
Project("{FAE04EC0-301F-11D3-BF4B-00C04F79EFBC}") = "SF.Blog.Web", "SF.Blog.Web\SF.Blog.Web.csproj", "{FF45A89B-7268-4C10-A0F5-64C9A1891140}"
EndProject
Global
	GlobalSection(SolutionConfigurationPlatforms) = preSolution
		Debug|Any CPU = Debug|Any CPU
		Release|Any CPU = Release|Any CPU
	EndGlobalSection
	GlobalSection(ProjectConfigurationPlatforms) = postSolution
		{A55421EB-7792-47B5-8E20-BE46A95033C4}.Debug|Any CPU.ActiveCfg = Debug|Any CPU
		{A55421EB-7792-47B5-8E20-BE46A95033C4}.Debug|Any CPU.Build.0 = Debug|Any CPU
		{A55421EB-7792-47B5-8E20-BE46A95033C4}.Release|Any CPU.ActiveCfg = Release|Any CPU
		{A55421EB-7792-47B5-8E20-BE46A95033C4}.Release|Any CPU.Build.0 = Release|Any CPU
		{A209217D-21C6-4DE1-818B-8047EFE919A5}.Debug|Any CPU.ActiveCfg = Debug|Any CPU
		{A209217D-21C6-4DE1-818B-8047EFE919A5}.Debug|Any CPU.Build.0 = Debug|Any CPU
		{A209217D-21C6-4DE1-818B-8047EFE919A5}.Release|Any CPU.ActiveCfg = Release|Any CPU
		{A209217D-21C6-4DE1-818B-8047EFE919A5}.Release|Any CPU.Build.0 = Release|Any CPU
		{834C76C6-9BE3-4C1C-9127-80CF00D17552}.Debug|Any CPU.ActiveCfg = Debug|Any CPU
		{834C76C6-9BE3-4C1C-9127-80CF00D17552}.Debug|Any CPU.Build.0 = Debug|Any CPU
		{834C76C6-9BE3-4C1C-9127-80CF00D17552}.Release|Any CPU.ActiveCfg = Release|Any CPU
		{834C76C6-9BE3-4C1C-9127-80CF00D17552}.Release|Any CPU.Build.0 = Release|Any CPU
		{F73F68AD-538A-4647-94FE-4BABFC195697}.Debug|Any CPU.ActiveCfg = Debug|Any CPU
		{F73F68AD-538A-4647-94FE-4BABFC195697}.Debug|Any CPU.Build.0 = Debug|Any CPU
		{F73F68AD-538A-4647-94FE-4BABFC195697}.Release|Any CPU.ActiveCfg = Release|Any CPU
		{F73F68AD-538A-4647-94FE-4BABFC195697}.Release|Any CPU.Build.0 = Release|Any CPU
		{FF45A89B-7268-4C10-A0F5-64C9A1891140}.Debug|Any CPU.ActiveCfg = Debug|Any CPU
		{FF45A89B-7268-4C10-A0F5-64C9A1891140}.Debug|Any CPU.Build.0 = Debug|Any CPU
		{FF45A89B-7268-4C10-A0F5-64C9A1891140}.Release|Any CPU.ActiveCfg = Release|Any CPU
		{FF45A89B-7268-4C10-A0F5-64C9A1891140}.Release|Any CPU.Build.0 = Release|Any CPU
	EndGlobalSection
	GlobalSection(SolutionProperties) = preSolution
		HideSolutionNode = FALSE
	EndGlobalSection
	GlobalSection(NestedProjects) = preSolution
		{A209217D-21C6-4DE1-818B-8047EFE919A5} = {EB886A9D-3DF2-4637-9E44-C5F38935CB5A}
	EndGlobalSection
	GlobalSection(ExtensibilityGlobals) = postSolution
		SolutionGuid = {580F9CA7-2848-4BF4-A3D0-54415FDCD3F7}
	EndGlobalSection
EndGlobal
